// !$*UTF8*$!
{
	archiveVersion = 1;
	classes = {
	};
	objectVersion = 46;
	objects = {

/* Begin PBXBuildFile section */
		E00E4C8E1DD29002005AE808 /* main.m in Sources */ = {isa = PBXBuildFile; fileRef = E00E4C8D1DD29002005AE808 /* main.m */; };
		E00E4C911DD29002005AE808 /* AppDelegate.m in Sources */ = {isa = PBXBuildFile; fileRef = E00E4C901DD29002005AE808 /* AppDelegate.m */; };
		E00E4C941DD29002005AE808 /* ViewController.m in Sources */ = {isa = PBXBuildFile; fileRef = E00E4C931DD29002005AE808 /* ViewController.m */; };
		E00E4C971DD29002005AE808 /* Main.storyboard in Resources */ = {isa = PBXBuildFile; fileRef = E00E4C951DD29002005AE808 /* Main.storyboard */; };
		E00E4C991DD29002005AE808 /* Assets.xcassets in Resources */ = {isa = PBXBuildFile; fileRef = E00E4C981DD29002005AE808 /* Assets.xcassets */; };
		E00E4C9C1DD29002005AE808 /* LaunchScreen.storyboard in Resources */ = {isa = PBXBuildFile; fileRef = E00E4C9A1DD29002005AE808 /* LaunchScreen.storyboard */; };
		E00E4CC31DD29340005AE808 /* YodaRequestManager.m in Sources */ = {isa = PBXBuildFile; fileRef = E00E4CC21DD29340005AE808 /* YodaRequestManager.m */; };
		E00E4CC61DD29390005AE808 /* YodaTranslateSentenceModel.m in Sources */ = {isa = PBXBuildFile; fileRef = E00E4CC51DD29390005AE808 /* YodaTranslateSentenceModel.m */; };
		E00E4CDA1DD3EF84005AE808 /* Prefs.m in Sources */ = {isa = PBXBuildFile; fileRef = E00E4CD91DD3EF84005AE808 /* Prefs.m */; };
		E00E4CDF1DD53426005AE808 /* libOCMock.a in Frameworks */ = {isa = PBXBuildFile; fileRef = E00E4CDE1DD53426005AE808 /* libOCMock.a */; };
		E00E4CE11DD53434005AE808 /* XCTest.framework in Frameworks */ = {isa = PBXBuildFile; fileRef = E00E4CE01DD53434005AE808 /* XCTest.framework */; };
		E00E4CE31DD5343D005AE808 /* Foundation.framework in Frameworks */ = {isa = PBXBuildFile; fileRef = E00E4CE21DD5343D005AE808 /* Foundation.framework */; };
		E00E4CE41DD53455005AE808 /* XCTest.framework in Frameworks */ = {isa = PBXBuildFile; fileRef = E00E4CE01DD53434005AE808 /* XCTest.framework */; };
		E00E4CE61DD5345C005AE808 /* UIKit.framework in Frameworks */ = {isa = PBXBuildFile; fileRef = E00E4CE51DD5345C005AE808 /* UIKit.framework */; };
		E00E4CE71DD53462005AE808 /* Foundation.framework in Frameworks */ = {isa = PBXBuildFile; fileRef = E00E4CE21DD5343D005AE808 /* Foundation.framework */; };
		E00E4CE81DD53471005AE808 /* libOCMock.a in Frameworks */ = {isa = PBXBuildFile; fileRef = E00E4CDE1DD53426005AE808 /* libOCMock.a */; };
		E00E4CF01DD53FCB005AE808 /* UITests.m in Sources */ = {isa = PBXBuildFile; fileRef = E00E4CEF1DD53FCB005AE808 /* UITests.m */; };
		E00E4CFE1DD53FF4005AE808 /* UnitTests.m in Sources */ = {isa = PBXBuildFile; fileRef = E00E4CFD1DD53FF4005AE808 /* UnitTests.m */; };
		E00E4D0B1DD54462005AE808 /* Foundation.framework in Frameworks */ = {isa = PBXBuildFile; fileRef = E00E4CE21DD5343D005AE808 /* Foundation.framework */; };
		E00E4D0C1DD54469005AE808 /* UIKit.framework in Frameworks */ = {isa = PBXBuildFile; fileRef = E00E4CE51DD5345C005AE808 /* UIKit.framework */; };
		E00E4D0D1DD54473005AE808 /* XCTest.framework in Frameworks */ = {isa = PBXBuildFile; fileRef = E00E4CE01DD53434005AE808 /* XCTest.framework */; };
		E00E4D0E1DD5447A005AE808 /* Foundation.framework in Frameworks */ = {isa = PBXBuildFile; fileRef = E00E4CE21DD5343D005AE808 /* Foundation.framework */; };
		E00E4D0F1DD54480005AE808 /* UIKit.framework in Frameworks */ = {isa = PBXBuildFile; fileRef = E00E4CE51DD5345C005AE808 /* UIKit.framework */; };
		E00E4D101DD54484005AE808 /* XCTest.framework in Frameworks */ = {isa = PBXBuildFile; fileRef = E00E4CE01DD53434005AE808 /* XCTest.framework */; };
/* End PBXBuildFile section */

/* Begin PBXContainerItemProxy section */
		E00E4CA31DD29002005AE808 /* PBXContainerItemProxy */ = {
			isa = PBXContainerItemProxy;
			containerPortal = E00E4C811DD29002005AE808 /* Project object */;
			proxyType = 1;
			remoteGlobalIDString = E00E4C881DD29002005AE808;
			remoteInfo = YodaSpeakNov8th2016;
		};
		E00E4CAE1DD29002005AE808 /* PBXContainerItemProxy */ = {
			isa = PBXContainerItemProxy;
			containerPortal = E00E4C811DD29002005AE808 /* Project object */;
			proxyType = 1;
			remoteGlobalIDString = E00E4C881DD29002005AE808;
			remoteInfo = YodaSpeakNov8th2016;
		};
		E00E4CF21DD53FCB005AE808 /* PBXContainerItemProxy */ = {
			isa = PBXContainerItemProxy;
			containerPortal = E00E4C811DD29002005AE808 /* Project object */;
			proxyType = 1;
			remoteGlobalIDString = E00E4C881DD29002005AE808;
			remoteInfo = YodaSpeakNov8th2016;
		};
		E00E4D001DD53FF4005AE808 /* PBXContainerItemProxy */ = {
			isa = PBXContainerItemProxy;
			containerPortal = E00E4C811DD29002005AE808 /* Project object */;
			proxyType = 1;
			remoteGlobalIDString = E00E4C881DD29002005AE808;
			remoteInfo = YodaSpeakNov8th2016;
		};
/* End PBXContainerItemProxy section */

/* Begin PBXFileReference section */
		2E600E09F553B81718E29FC2 /* Pods-YodaSpeakNov8th2016Tests.debug.xcconfig */ = {isa = PBXFileReference; includeInIndex = 1; lastKnownFileType = text.xcconfig; name = "Pods-YodaSpeakNov8th2016Tests.debug.xcconfig"; path = "Pods/Target Support Files/Pods-YodaSpeakNov8th2016Tests/Pods-YodaSpeakNov8th2016Tests.debug.xcconfig"; sourceTree = "<group>"; };
		7C38DD6BD8D235079DD574C3 /* Pods-YodaSpeakNov8th2016Tests.release.xcconfig */ = {isa = PBXFileReference; includeInIndex = 1; lastKnownFileType = text.xcconfig; name = "Pods-YodaSpeakNov8th2016Tests.release.xcconfig"; path = "Pods/Target Support Files/Pods-YodaSpeakNov8th2016Tests/Pods-YodaSpeakNov8th2016Tests.release.xcconfig"; sourceTree = "<group>"; };
		841F05E7A4BD6A7398452D9D /* Pods-YodaSpeakNov8th2016.debug.xcconfig */ = {isa = PBXFileReference; includeInIndex = 1; lastKnownFileType = text.xcconfig; name = "Pods-YodaSpeakNov8th2016.debug.xcconfig"; path = "Pods/Target Support Files/Pods-YodaSpeakNov8th2016/Pods-YodaSpeakNov8th2016.debug.xcconfig"; sourceTree = "<group>"; };
		8A2D07B690156148D29A708F /* Pods-YodaSpeakNov8th2016UITests.release.xcconfig */ = {isa = PBXFileReference; includeInIndex = 1; lastKnownFileType = text.xcconfig; name = "Pods-YodaSpeakNov8th2016UITests.release.xcconfig"; path = "Pods/Target Support Files/Pods-YodaSpeakNov8th2016UITests/Pods-YodaSpeakNov8th2016UITests.release.xcconfig"; sourceTree = "<group>"; };
		8B3BE32F8D3AAAC2199AF2D3 /* libPods-YodaSpeakNov8th2016Tests.a */ = {isa = PBXFileReference; explicitFileType = archive.ar; includeInIndex = 0; path = "libPods-YodaSpeakNov8th2016Tests.a"; sourceTree = BUILT_PRODUCTS_DIR; };
		B78119B8BA33D9B1CD40A132 /* Pods-YodaSpeakNov8th2016.release.xcconfig */ = {isa = PBXFileReference; includeInIndex = 1; lastKnownFileType = text.xcconfig; name = "Pods-YodaSpeakNov8th2016.release.xcconfig"; path = "Pods/Target Support Files/Pods-YodaSpeakNov8th2016/Pods-YodaSpeakNov8th2016.release.xcconfig"; sourceTree = "<group>"; };
		BAB364E12DF122E29C30CE82 /* libPods-YodaSpeakNov8th2016.a */ = {isa = PBXFileReference; explicitFileType = archive.ar; includeInIndex = 0; path = "libPods-YodaSpeakNov8th2016.a"; sourceTree = BUILT_PRODUCTS_DIR; };
		CC1C46E6AB2FEE02455E6554 /* Pods-YodaSpeakNov8th2016UITests.debug.xcconfig */ = {isa = PBXFileReference; includeInIndex = 1; lastKnownFileType = text.xcconfig; name = "Pods-YodaSpeakNov8th2016UITests.debug.xcconfig"; path = "Pods/Target Support Files/Pods-YodaSpeakNov8th2016UITests/Pods-YodaSpeakNov8th2016UITests.debug.xcconfig"; sourceTree = "<group>"; };
		DBF381803431B2515BC49957 /* libPods-YodaSpeakNov8th2016UITests.a */ = {isa = PBXFileReference; explicitFileType = archive.ar; includeInIndex = 0; path = "libPods-YodaSpeakNov8th2016UITests.a"; sourceTree = BUILT_PRODUCTS_DIR; };
		E00E4C891DD29002005AE808 /* YodaSpeakNov8th2016.app */ = {isa = PBXFileReference; explicitFileType = wrapper.application; includeInIndex = 0; path = YodaSpeakNov8th2016.app; sourceTree = BUILT_PRODUCTS_DIR; };
		E00E4C8D1DD29002005AE808 /* main.m */ = {isa = PBXFileReference; lastKnownFileType = sourcecode.c.objc; path = main.m; sourceTree = "<group>"; };
		E00E4C8F1DD29002005AE808 /* AppDelegate.h */ = {isa = PBXFileReference; lastKnownFileType = sourcecode.c.h; path = AppDelegate.h; sourceTree = "<group>"; };
		E00E4C901DD29002005AE808 /* AppDelegate.m */ = {isa = PBXFileReference; lastKnownFileType = sourcecode.c.objc; path = AppDelegate.m; sourceTree = "<group>"; };
		E00E4C921DD29002005AE808 /* ViewController.h */ = {isa = PBXFileReference; lastKnownFileType = sourcecode.c.h; path = ViewController.h; sourceTree = "<group>"; };
		E00E4C931DD29002005AE808 /* ViewController.m */ = {isa = PBXFileReference; lastKnownFileType = sourcecode.c.objc; path = ViewController.m; sourceTree = "<group>"; };
		E00E4C961DD29002005AE808 /* Base */ = {isa = PBXFileReference; lastKnownFileType = file.storyboard; name = Base; path = Base.lproj/Main.storyboard; sourceTree = "<group>"; };
		E00E4C981DD29002005AE808 /* Assets.xcassets */ = {isa = PBXFileReference; lastKnownFileType = folder.assetcatalog; path = Assets.xcassets; sourceTree = "<group>"; };
		E00E4C9B1DD29002005AE808 /* Base */ = {isa = PBXFileReference; lastKnownFileType = file.storyboard; name = Base; path = Base.lproj/LaunchScreen.storyboard; sourceTree = "<group>"; };
		E00E4C9D1DD29002005AE808 /* Info.plist */ = {isa = PBXFileReference; lastKnownFileType = text.plist.xml; path = Info.plist; sourceTree = "<group>"; };
		E00E4CA21DD29002005AE808 /* YodaSpeakNov8th2016Tests.xctest */ = {isa = PBXFileReference; explicitFileType = wrapper.cfbundle; includeInIndex = 0; path = YodaSpeakNov8th2016Tests.xctest; sourceTree = BUILT_PRODUCTS_DIR; };
		E00E4CAD1DD29002005AE808 /* YodaSpeakNov8th2016UITests.xctest */ = {isa = PBXFileReference; explicitFileType = wrapper.cfbundle; includeInIndex = 0; path = YodaSpeakNov8th2016UITests.xctest; sourceTree = BUILT_PRODUCTS_DIR; };
		E00E4CC11DD29340005AE808 /* YodaRequestManager.h */ = {isa = PBXFileReference; fileEncoding = 4; lastKnownFileType = sourcecode.c.h; path = YodaRequestManager.h; sourceTree = "<group>"; };
		E00E4CC21DD29340005AE808 /* YodaRequestManager.m */ = {isa = PBXFileReference; fileEncoding = 4; lastKnownFileType = sourcecode.c.objc; path = YodaRequestManager.m; sourceTree = "<group>"; };
		E00E4CC41DD29390005AE808 /* YodaTranslateSentenceModel.h */ = {isa = PBXFileReference; fileEncoding = 4; lastKnownFileType = sourcecode.c.h; path = YodaTranslateSentenceModel.h; sourceTree = "<group>"; };
		E00E4CC51DD29390005AE808 /* YodaTranslateSentenceModel.m */ = {isa = PBXFileReference; fileEncoding = 4; lastKnownFileType = sourcecode.c.objc; path = YodaTranslateSentenceModel.m; sourceTree = "<group>"; };
		E00E4CCE1DD3CAB5005AE808 /* AFNetworking */ = {isa = PBXFileReference; lastKnownFileType = folder; name = AFNetworking; path = Pods/AFNetworking; sourceTree = "<group>"; };
		E00E4CD81DD3EF84005AE808 /* Prefs.h */ = {isa = PBXFileReference; fileEncoding = 4; lastKnownFileType = sourcecode.c.h; path = Prefs.h; sourceTree = "<group>"; };
		E00E4CD91DD3EF84005AE808 /* Prefs.m */ = {isa = PBXFileReference; fileEncoding = 4; lastKnownFileType = sourcecode.c.objc; path = Prefs.m; sourceTree = "<group>"; };
		E00E4CDE1DD53426005AE808 /* libOCMock.a */ = {isa = PBXFileReference; lastKnownFileType = archive.ar; name = libOCMock.a; path = "../../../../../../Volumes/OCMock 3.3.1/iOS library/libOCMock.a"; sourceTree = "<group>"; };
		E00E4CE01DD53434005AE808 /* XCTest.framework */ = {isa = PBXFileReference; lastKnownFileType = wrapper.framework; name = XCTest.framework; path = Platforms/iPhoneOS.platform/Developer/Library/Frameworks/XCTest.framework; sourceTree = DEVELOPER_DIR; };
		E00E4CE21DD5343D005AE808 /* Foundation.framework */ = {isa = PBXFileReference; lastKnownFileType = wrapper.framework; name = Foundation.framework; path = System/Library/Frameworks/Foundation.framework; sourceTree = SDKROOT; };
		E00E4CE51DD5345C005AE808 /* UIKit.framework */ = {isa = PBXFileReference; lastKnownFileType = wrapper.framework; name = UIKit.framework; path = System/Library/Frameworks/UIKit.framework; sourceTree = SDKROOT; };
		E00E4CED1DD53FCB005AE808 /* UITests.xctest */ = {isa = PBXFileReference; explicitFileType = wrapper.cfbundle; includeInIndex = 0; path = UITests.xctest; sourceTree = BUILT_PRODUCTS_DIR; };
		E00E4CEF1DD53FCB005AE808 /* UITests.m */ = {isa = PBXFileReference; lastKnownFileType = sourcecode.c.objc; path = UITests.m; sourceTree = "<group>"; };
		E00E4CF11DD53FCB005AE808 /* Info.plist */ = {isa = PBXFileReference; lastKnownFileType = text.plist.xml; path = Info.plist; sourceTree = "<group>"; };
		E00E4CFB1DD53FF4005AE808 /* UnitTests.xctest */ = {isa = PBXFileReference; explicitFileType = wrapper.cfbundle; includeInIndex = 0; path = UnitTests.xctest; sourceTree = BUILT_PRODUCTS_DIR; };
		E00E4CFD1DD53FF4005AE808 /* UnitTests.m */ = {isa = PBXFileReference; lastKnownFileType = sourcecode.c.objc; path = UnitTests.m; sourceTree = "<group>"; };
		E00E4CFF1DD53FF4005AE808 /* Info.plist */ = {isa = PBXFileReference; lastKnownFileType = text.plist.xml; path = Info.plist; sourceTree = "<group>"; };
/* End PBXFileReference section */

/* Begin PBXFrameworksBuildPhase section */
		E00E4C861DD29002005AE808 /* Frameworks */ = {
			isa = PBXFrameworksBuildPhase;
			buildActionMask = 2147483647;
			files = (
			);
			runOnlyForDeploymentPostprocessing = 0;
		};
		E00E4C9F1DD29002005AE808 /* Frameworks */ = {
			isa = PBXFrameworksBuildPhase;
			buildActionMask = 2147483647;
			files = (
				E00E4CE31DD5343D005AE808 /* Foundation.framework in Frameworks */,
				E00E4CE11DD53434005AE808 /* XCTest.framework in Frameworks */,
				E00E4CDF1DD53426005AE808 /* libOCMock.a in Frameworks */,
			);
			runOnlyForDeploymentPostprocessing = 0;
		};
		E00E4CAA1DD29002005AE808 /* Frameworks */ = {
			isa = PBXFrameworksBuildPhase;
			buildActionMask = 2147483647;
			files = (
				E00E4CE81DD53471005AE808 /* libOCMock.a in Frameworks */,
				E00E4CE71DD53462005AE808 /* Foundation.framework in Frameworks */,
				E00E4CE61DD5345C005AE808 /* UIKit.framework in Frameworks */,
				E00E4CE41DD53455005AE808 /* XCTest.framework in Frameworks */,
			);
			runOnlyForDeploymentPostprocessing = 0;
		};
		E00E4CEA1DD53FCB005AE808 /* Frameworks */ = {
			isa = PBXFrameworksBuildPhase;
			buildActionMask = 2147483647;
			files = (
				E00E4D0D1DD54473005AE808 /* XCTest.framework in Frameworks */,
				E00E4D0C1DD54469005AE808 /* UIKit.framework in Frameworks */,
				E00E4D0B1DD54462005AE808 /* Foundation.framework in Frameworks */,
			);
			runOnlyForDeploymentPostprocessing = 0;
		};
		E00E4CF81DD53FF4005AE808 /* Frameworks */ = {
			isa = PBXFrameworksBuildPhase;
			buildActionMask = 2147483647;
			files = (
				E00E4D101DD54484005AE808 /* XCTest.framework in Frameworks */,
				E00E4D0F1DD54480005AE808 /* UIKit.framework in Frameworks */,
				E00E4D0E1DD5447A005AE808 /* Foundation.framework in Frameworks */,
			);
			runOnlyForDeploymentPostprocessing = 0;
		};
/* End PBXFrameworksBuildPhase section */

/* Begin PBXGroup section */
		293838AD0359833774639F61 /* Pods */ = {
			isa = PBXGroup;
			children = (
				841F05E7A4BD6A7398452D9D /* Pods-YodaSpeakNov8th2016.debug.xcconfig */,
				B78119B8BA33D9B1CD40A132 /* Pods-YodaSpeakNov8th2016.release.xcconfig */,
				2E600E09F553B81718E29FC2 /* Pods-YodaSpeakNov8th2016Tests.debug.xcconfig */,
				7C38DD6BD8D235079DD574C3 /* Pods-YodaSpeakNov8th2016Tests.release.xcconfig */,
				CC1C46E6AB2FEE02455E6554 /* Pods-YodaSpeakNov8th2016UITests.debug.xcconfig */,
				8A2D07B690156148D29A708F /* Pods-YodaSpeakNov8th2016UITests.release.xcconfig */,
			);
			name = Pods;
			sourceTree = "<group>";
		};
		DABB141795B699DCF47101DB /* Frameworks */ = {
			isa = PBXGroup;
			children = (
				E00E4CE51DD5345C005AE808 /* UIKit.framework */,
				E00E4CE21DD5343D005AE808 /* Foundation.framework */,
				E00E4CE01DD53434005AE808 /* XCTest.framework */,
				E00E4CDE1DD53426005AE808 /* libOCMock.a */,
				E00E4CCE1DD3CAB5005AE808 /* AFNetworking */,
				BAB364E12DF122E29C30CE82 /* libPods-YodaSpeakNov8th2016.a */,
				8B3BE32F8D3AAAC2199AF2D3 /* libPods-YodaSpeakNov8th2016Tests.a */,
				DBF381803431B2515BC49957 /* libPods-YodaSpeakNov8th2016UITests.a */,
			);
			name = Frameworks;
			sourceTree = "<group>";
		};
		E00E4C801DD29002005AE808 = {
			isa = PBXGroup;
			children = (
				E00E4C8B1DD29002005AE808 /* YodaSpeakNov8th2016 */,
				E00E4CEE1DD53FCB005AE808 /* UITests */,
				E00E4CFC1DD53FF4005AE808 /* UnitTests */,
				E00E4C8A1DD29002005AE808 /* Products */,
				293838AD0359833774639F61 /* Pods */,
				DABB141795B699DCF47101DB /* Frameworks */,
			);
			sourceTree = "<group>";
		};
		E00E4C8A1DD29002005AE808 /* Products */ = {
			isa = PBXGroup;
			children = (
				E00E4C891DD29002005AE808 /* YodaSpeakNov8th2016.app */,
				E00E4CA21DD29002005AE808 /* YodaSpeakNov8th2016Tests.xctest */,
				E00E4CAD1DD29002005AE808 /* YodaSpeakNov8th2016UITests.xctest */,
				E00E4CED1DD53FCB005AE808 /* UITests.xctest */,
				E00E4CFB1DD53FF4005AE808 /* UnitTests.xctest */,
			);
			name = Products;
			sourceTree = "<group>";
		};
		E00E4C8B1DD29002005AE808 /* YodaSpeakNov8th2016 */ = {
			isa = PBXGroup;
			children = (
				E00E4CDB1DD3FAD1005AE808 /* Controllers */,
				E00E4CD71DD3EF78005AE808 /* Prefs */,
				E00E4CD21DD3EE81005AE808 /* Presenters */,
				E00E4CD11DD3EE7B005AE808 /* Views */,
				E00E4CD01DD3EE76005AE808 /* Models */,
				E00E4C981DD29002005AE808 /* Assets.xcassets */,
				E00E4C9D1DD29002005AE808 /* Info.plist */,
				E00E4C8C1DD29002005AE808 /* Supporting Files */,
			);
			path = YodaSpeakNov8th2016;
			sourceTree = "<group>";
		};
		E00E4C8C1DD29002005AE808 /* Supporting Files */ = {
			isa = PBXGroup;
			children = (
				E00E4C8D1DD29002005AE808 /* main.m */,
			);
			name = "Supporting Files";
			sourceTree = "<group>";
		};
		E00E4CD01DD3EE76005AE808 /* Models */ = {
			isa = PBXGroup;
			children = (
				E00E4CC41DD29390005AE808 /* YodaTranslateSentenceModel.h */,
				E00E4CC51DD29390005AE808 /* YodaTranslateSentenceModel.m */,
			);
			name = Models;
			sourceTree = "<group>";
		};
		E00E4CD11DD3EE7B005AE808 /* Views */ = {
			isa = PBXGroup;
			children = (
				E00E4C9A1DD29002005AE808 /* LaunchScreen.storyboard */,
				E00E4C951DD29002005AE808 /* Main.storyboard */,
			);
			name = Views;
			sourceTree = "<group>";
		};
		E00E4CD21DD3EE81005AE808 /* Presenters */ = {
			isa = PBXGroup;
			children = (
				E00E4C8F1DD29002005AE808 /* AppDelegate.h */,
				E00E4C901DD29002005AE808 /* AppDelegate.m */,
				E00E4CC11DD29340005AE808 /* YodaRequestManager.h */,
				E00E4CC21DD29340005AE808 /* YodaRequestManager.m */,
			);
			name = Presenters;
			sourceTree = "<group>";
		};
		E00E4CD71DD3EF78005AE808 /* Prefs */ = {
			isa = PBXGroup;
			children = (
				E00E4CD81DD3EF84005AE808 /* Prefs.h */,
				E00E4CD91DD3EF84005AE808 /* Prefs.m */,
			);
			name = Prefs;
			sourceTree = "<group>";
		};
		E00E4CDB1DD3FAD1005AE808 /* Controllers */ = {
			isa = PBXGroup;
			children = (
				E00E4C921DD29002005AE808 /* ViewController.h */,
				E00E4C931DD29002005AE808 /* ViewController.m */,
			);
			name = Controllers;
			sourceTree = "<group>";
		};
		E00E4CEE1DD53FCB005AE808 /* UITests */ = {
			isa = PBXGroup;
			children = (
				E00E4CEF1DD53FCB005AE808 /* UITests.m */,
				E00E4CF11DD53FCB005AE808 /* Info.plist */,
			);
			path = UITests;
			sourceTree = "<group>";
		};
		E00E4CFC1DD53FF4005AE808 /* UnitTests */ = {
			isa = PBXGroup;
			children = (
				E00E4CFD1DD53FF4005AE808 /* UnitTests.m */,
				E00E4CFF1DD53FF4005AE808 /* Info.plist */,
			);
			path = UnitTests;
			sourceTree = "<group>";
		};
/* End PBXGroup section */

/* Begin PBXNativeTarget section */
		E00E4C881DD29002005AE808 /* YodaSpeakNov8th2016 */ = {
			isa = PBXNativeTarget;
			buildConfigurationList = E00E4CB61DD29002005AE808 /* Build configuration list for PBXNativeTarget "YodaSpeakNov8th2016" */;
			buildPhases = (
				68661CC9D613C845C7194F5B /* [CP] Check Pods Manifest.lock */,
				E00E4C851DD29002005AE808 /* Sources */,
				E00E4C861DD29002005AE808 /* Frameworks */,
				E00E4C871DD29002005AE808 /* Resources */,
				F9DB9EE0251D2437AAE1CA95 /* [CP] Embed Pods Frameworks */,
				FA2E0D128EF83D0470A93DDE /* [CP] Copy Pods Resources */,
			);
			buildRules = (
			);
			dependencies = (
			);
			name = YodaSpeakNov8th2016;
			productName = YodaSpeakNov8th2016;
			productReference = E00E4C891DD29002005AE808 /* YodaSpeakNov8th2016.app */;
			productType = "com.apple.product-type.application";
		};
		E00E4CA11DD29002005AE808 /* YodaSpeakNov8th2016Tests */ = {
			isa = PBXNativeTarget;
			buildConfigurationList = E00E4CB91DD29002005AE808 /* Build configuration list for PBXNativeTarget "YodaSpeakNov8th2016Tests" */;
			buildPhases = (
				286A45AAD563FCBC6C9278D1 /* [CP] Check Pods Manifest.lock */,
				E00E4C9E1DD29002005AE808 /* Sources */,
				E00E4C9F1DD29002005AE808 /* Frameworks */,
				E00E4CA01DD29002005AE808 /* Resources */,
				73C739D3CFA66C54719B4D21 /* [CP] Embed Pods Frameworks */,
				0976287CEA968CE45262B436 /* [CP] Copy Pods Resources */,
			);
			buildRules = (
			);
			dependencies = (
				E00E4CA41DD29002005AE808 /* PBXTargetDependency */,
			);
			name = YodaSpeakNov8th2016Tests;
			productName = YodaSpeakNov8th2016Tests;
			productReference = E00E4CA21DD29002005AE808 /* YodaSpeakNov8th2016Tests.xctest */;
			productType = "com.apple.product-type.bundle.unit-test";
		};
		E00E4CAC1DD29002005AE808 /* YodaSpeakNov8th2016UITests */ = {
			isa = PBXNativeTarget;
			buildConfigurationList = E00E4CBC1DD29002005AE808 /* Build configuration list for PBXNativeTarget "YodaSpeakNov8th2016UITests" */;
			buildPhases = (
				D62C589FF197ED3AA711694C /* [CP] Check Pods Manifest.lock */,
				E00E4CA91DD29002005AE808 /* Sources */,
				E00E4CAA1DD29002005AE808 /* Frameworks */,
				E00E4CAB1DD29002005AE808 /* Resources */,
				EE07DABA5887F10B99F955AB /* [CP] Copy Pods Resources */,
			);
			buildRules = (
			);
			dependencies = (
				E00E4CAF1DD29002005AE808 /* PBXTargetDependency */,
			);
			name = YodaSpeakNov8th2016UITests;
			productName = YodaSpeakNov8th2016UITests;
			productReference = E00E4CAD1DD29002005AE808 /* YodaSpeakNov8th2016UITests.xctest */;
			productType = "com.apple.product-type.bundle.ui-testing";
		};
		E00E4CEC1DD53FCB005AE808 /* UITests */ = {
			isa = PBXNativeTarget;
			buildConfigurationList = E00E4CF41DD53FCB005AE808 /* Build configuration list for PBXNativeTarget "UITests" */;
			buildPhases = (
				E00E4CE91DD53FCB005AE808 /* Sources */,
				E00E4CEA1DD53FCB005AE808 /* Frameworks */,
				E00E4CEB1DD53FCB005AE808 /* Resources */,
			);
			buildRules = (
			);
			dependencies = (
				E00E4CF31DD53FCB005AE808 /* PBXTargetDependency */,
			);
			name = UITests;
			productName = UITests;
			productReference = E00E4CED1DD53FCB005AE808 /* UITests.xctest */;
			productType = "com.apple.product-type.bundle.ui-testing";
		};
		E00E4CFA1DD53FF4005AE808 /* UnitTests */ = {
			isa = PBXNativeTarget;
			buildConfigurationList = E00E4D021DD53FF4005AE808 /* Build configuration list for PBXNativeTarget "UnitTests" */;
			buildPhases = (
				E00E4CF71DD53FF4005AE808 /* Sources */,
				E00E4CF81DD53FF4005AE808 /* Frameworks */,
				E00E4CF91DD53FF4005AE808 /* Resources */,
			);
			buildRules = (
			);
			dependencies = (
				E00E4D011DD53FF4005AE808 /* PBXTargetDependency */,
			);
			name = UnitTests;
			productName = UnitTests;
			productReference = E00E4CFB1DD53FF4005AE808 /* UnitTests.xctest */;
			productType = "com.apple.product-type.bundle.unit-test";
		};
/* End PBXNativeTarget section */

/* Begin PBXProject section */
		E00E4C811DD29002005AE808 /* Project object */ = {
			isa = PBXProject;
			attributes = {
				LastUpgradeCheck = 0810;
				ORGANIZATIONNAME = monigarr;
				TargetAttributes = {
					E00E4C881DD29002005AE808 = {
						CreatedOnToolsVersion = 8.1;
						DevelopmentTeam = P9B3733Z2X;
						ProvisioningStyle = Automatic;
					};
					E00E4CA11DD29002005AE808 = {
						CreatedOnToolsVersion = 8.1;
						DevelopmentTeam = P9B3733Z2X;
						ProvisioningStyle = Automatic;
						TestTargetID = E00E4C881DD29002005AE808;
					};
					E00E4CAC1DD29002005AE808 = {
						CreatedOnToolsVersion = 8.1;
						DevelopmentTeam = P9B3733Z2X;
						ProvisioningStyle = Automatic;
						TestTargetID = E00E4C881DD29002005AE808;
					};
					E00E4CEC1DD53FCB005AE808 = {
						CreatedOnToolsVersion = 8.1;
						DevelopmentTeam = P9B3733Z2X;
						ProvisioningStyle = Automatic;
						TestTargetID = E00E4C881DD29002005AE808;
					};
					E00E4CFA1DD53FF4005AE808 = {
						CreatedOnToolsVersion = 8.1;
						DevelopmentTeam = P9B3733Z2X;
						ProvisioningStyle = Automatic;
						TestTargetID = E00E4C881DD29002005AE808;
					};
				};
			};
			buildConfigurationList = E00E4C841DD29002005AE808 /* Build configuration list for PBXProject "YodaSpeakNov8th2016" */;
			compatibilityVersion = "Xcode 3.2";
			developmentRegion = English;
			hasScannedForEncodings = 0;
			knownRegions = (
				en,
				Base,
			);
			mainGroup = E00E4C801DD29002005AE808;
			productRefGroup = E00E4C8A1DD29002005AE808 /* Products */;
			projectDirPath = "";
			projectRoot = "";
			targets = (
				E00E4C881DD29002005AE808 /* YodaSpeakNov8th2016 */,
				E00E4CA11DD29002005AE808 /* YodaSpeakNov8th2016Tests */,
				E00E4CAC1DD29002005AE808 /* YodaSpeakNov8th2016UITests */,
				E00E4CEC1DD53FCB005AE808 /* UITests */,
				E00E4CFA1DD53FF4005AE808 /* UnitTests */,
			);
		};
/* End PBXProject section */

/* Begin PBXResourcesBuildPhase section */
		E00E4C871DD29002005AE808 /* Resources */ = {
			isa = PBXResourcesBuildPhase;
			buildActionMask = 2147483647;
			files = (
				E00E4C9C1DD29002005AE808 /* LaunchScreen.storyboard in Resources */,
				E00E4C991DD29002005AE808 /* Assets.xcassets in Resources */,
				E00E4C971DD29002005AE808 /* Main.storyboard in Resources */,
			);
			runOnlyForDeploymentPostprocessing = 0;
		};
		E00E4CA01DD29002005AE808 /* Resources */ = {
			isa = PBXResourcesBuildPhase;
			buildActionMask = 2147483647;
			files = (
			);
			runOnlyForDeploymentPostprocessing = 0;
		};
		E00E4CAB1DD29002005AE808 /* Resources */ = {
			isa = PBXResourcesBuildPhase;
			buildActionMask = 2147483647;
			files = (
			);
			runOnlyForDeploymentPostprocessing = 0;
		};
		E00E4CEB1DD53FCB005AE808 /* Resources */ = {
			isa = PBXResourcesBuildPhase;
			buildActionMask = 2147483647;
			files = (
			);
			runOnlyForDeploymentPostprocessing = 0;
		};
		E00E4CF91DD53FF4005AE808 /* Resources */ = {
			isa = PBXResourcesBuildPhase;
			buildActionMask = 2147483647;
			files = (
			);
			runOnlyForDeploymentPostprocessing = 0;
		};
/* End PBXResourcesBuildPhase section */

/* Begin PBXShellScriptBuildPhase section */
		0976287CEA968CE45262B436 /* [CP] Copy Pods Resources */ = {
			isa = PBXShellScriptBuildPhase;
			buildActionMask = 2147483647;
			files = (
			);
			inputPaths = (
			);
			name = "[CP] Copy Pods Resources";
			outputPaths = (
			);
			runOnlyForDeploymentPostprocessing = 0;
			shellPath = /bin/sh;
			shellScript = "\"${SRCROOT}/Pods/Target Support Files/Pods-YodaSpeakNov8th2016Tests/Pods-YodaSpeakNov8th2016Tests-resources.sh\"\n";
			showEnvVarsInLog = 0;
		};
		286A45AAD563FCBC6C9278D1 /* [CP] Check Pods Manifest.lock */ = {
			isa = PBXShellScriptBuildPhase;
			buildActionMask = 2147483647;
			files = (
			);
			inputPaths = (
			);
			name = "[CP] Check Pods Manifest.lock";
			outputPaths = (
			);
			runOnlyForDeploymentPostprocessing = 0;
			shellPath = /bin/sh;
			shellScript = "diff \"${PODS_ROOT}/../Podfile.lock\" \"${PODS_ROOT}/Manifest.lock\" > /dev/null\nif [[ $? != 0 ]] ; then\n    cat << EOM\nerror: The sandbox is not in sync with the Podfile.lock. Run 'pod install' or update your CocoaPods installation.\nEOM\n    exit 1\nfi\n";
			showEnvVarsInLog = 0;
		};
		68661CC9D613C845C7194F5B /* [CP] Check Pods Manifest.lock */ = {
			isa = PBXShellScriptBuildPhase;
			buildActionMask = 2147483647;
			files = (
			);
			inputPaths = (
			);
			name = "[CP] Check Pods Manifest.lock";
			outputPaths = (
			);
			runOnlyForDeploymentPostprocessing = 0;
			shellPath = /bin/sh;
			shellScript = "diff \"${PODS_ROOT}/../Podfile.lock\" \"${PODS_ROOT}/Manifest.lock\" > /dev/null\nif [[ $? != 0 ]] ; then\n    cat << EOM\nerror: The sandbox is not in sync with the Podfile.lock. Run 'pod install' or update your CocoaPods installation.\nEOM\n    exit 1\nfi\n";
			showEnvVarsInLog = 0;
		};
		73C739D3CFA66C54719B4D21 /* [CP] Embed Pods Frameworks */ = {
			isa = PBXShellScriptBuildPhase;
			buildActionMask = 2147483647;
			files = (
			);
			inputPaths = (
			);
			name = "[CP] Embed Pods Frameworks";
			outputPaths = (
			);
			runOnlyForDeploymentPostprocessing = 0;
			shellPath = /bin/sh;
			shellScript = "\"${SRCROOT}/Pods/Target Support Files/Pods-YodaSpeakNov8th2016Tests/Pods-YodaSpeakNov8th2016Tests-frameworks.sh\"\n";
			showEnvVarsInLog = 0;
		};
		D62C589FF197ED3AA711694C /* [CP] Check Pods Manifest.lock */ = {
			isa = PBXShellScriptBuildPhase;
			buildActionMask = 2147483647;
			files = (
			);
			inputPaths = (
			);
			name = "[CP] Check Pods Manifest.lock";
			outputPaths = (
			);
			runOnlyForDeploymentPostprocessing = 0;
			shellPath = /bin/sh;
			shellScript = "diff \"${PODS_ROOT}/../Podfile.lock\" \"${PODS_ROOT}/Manifest.lock\" > /dev/null\nif [[ $? != 0 ]] ; then\n    cat << EOM\nerror: The sandbox is not in sync with the Podfile.lock. Run 'pod install' or update your CocoaPods installation.\nEOM\n    exit 1\nfi\n";
			showEnvVarsInLog = 0;
		};
		EE07DABA5887F10B99F955AB /* [CP] Copy Pods Resources */ = {
			isa = PBXShellScriptBuildPhase;
			buildActionMask = 2147483647;
			files = (
			);
			inputPaths = (
			);
			name = "[CP] Copy Pods Resources";
			outputPaths = (
			);
			runOnlyForDeploymentPostprocessing = 0;
			shellPath = /bin/sh;
			shellScript = "\"${SRCROOT}/Pods/Target Support Files/Pods-YodaSpeakNov8th2016UITests/Pods-YodaSpeakNov8th2016UITests-resources.sh\"\n";
			showEnvVarsInLog = 0;
		};
		F9DB9EE0251D2437AAE1CA95 /* [CP] Embed Pods Frameworks */ = {
			isa = PBXShellScriptBuildPhase;
			buildActionMask = 2147483647;
			files = (
			);
			inputPaths = (
			);
			name = "[CP] Embed Pods Frameworks";
			outputPaths = (
			);
			runOnlyForDeploymentPostprocessing = 0;
			shellPath = /bin/sh;
			shellScript = "\"${SRCROOT}/Pods/Target Support Files/Pods-YodaSpeakNov8th2016/Pods-YodaSpeakNov8th2016-frameworks.sh\"\n";
			showEnvVarsInLog = 0;
		};
		FA2E0D128EF83D0470A93DDE /* [CP] Copy Pods Resources */ = {
			isa = PBXShellScriptBuildPhase;
			buildActionMask = 2147483647;
			files = (
			);
			inputPaths = (
			);
			name = "[CP] Copy Pods Resources";
			outputPaths = (
			);
			runOnlyForDeploymentPostprocessing = 0;
			shellPath = /bin/sh;
			shellScript = "\"${SRCROOT}/Pods/Target Support Files/Pods-YodaSpeakNov8th2016/Pods-YodaSpeakNov8th2016-resources.sh\"\n";
			showEnvVarsInLog = 0;
		};
/* End PBXShellScriptBuildPhase section */

/* Begin PBXSourcesBuildPhase section */
		E00E4C851DD29002005AE808 /* Sources */ = {
			isa = PBXSourcesBuildPhase;
			buildActionMask = 2147483647;
			files = (
				E00E4CC31DD29340005AE808 /* YodaRequestManager.m in Sources */,
				E00E4CDA1DD3EF84005AE808 /* Prefs.m in Sources */,
				E00E4C941DD29002005AE808 /* ViewController.m in Sources */,
				E00E4C911DD29002005AE808 /* AppDelegate.m in Sources */,
				E00E4C8E1DD29002005AE808 /* main.m in Sources */,
				E00E4CC61DD29390005AE808 /* YodaTranslateSentenceModel.m in Sources */,
			);
			runOnlyForDeploymentPostprocessing = 0;
		};
		E00E4C9E1DD29002005AE808 /* Sources */ = {
			isa = PBXSourcesBuildPhase;
			buildActionMask = 2147483647;
			files = (
			);
			runOnlyForDeploymentPostprocessing = 0;
		};
		E00E4CA91DD29002005AE808 /* Sources */ = {
			isa = PBXSourcesBuildPhase;
			buildActionMask = 2147483647;
			files = (
			);
			runOnlyForDeploymentPostprocessing = 0;
		};
		E00E4CE91DD53FCB005AE808 /* Sources */ = {
			isa = PBXSourcesBuildPhase;
			buildActionMask = 2147483647;
			files = (
				E00E4CF01DD53FCB005AE808 /* UITests.m in Sources */,
			);
			runOnlyForDeploymentPostprocessing = 0;
		};
		E00E4CF71DD53FF4005AE808 /* Sources */ = {
			isa = PBXSourcesBuildPhase;
			buildActionMask = 2147483647;
			files = (
				E00E4CFE1DD53FF4005AE808 /* UnitTests.m in Sources */,
			);
			runOnlyForDeploymentPostprocessing = 0;
		};
/* End PBXSourcesBuildPhase section */

/* Begin PBXTargetDependency section */
		E00E4CA41DD29002005AE808 /* PBXTargetDependency */ = {
			isa = PBXTargetDependency;
			target = E00E4C881DD29002005AE808 /* YodaSpeakNov8th2016 */;
			targetProxy = E00E4CA31DD29002005AE808 /* PBXContainerItemProxy */;
		};
		E00E4CAF1DD29002005AE808 /* PBXTargetDependency */ = {
			isa = PBXTargetDependency;
			target = E00E4C881DD29002005AE808 /* YodaSpeakNov8th2016 */;
			targetProxy = E00E4CAE1DD29002005AE808 /* PBXContainerItemProxy */;
		};
		E00E4CF31DD53FCB005AE808 /* PBXTargetDependency */ = {
			isa = PBXTargetDependency;
			target = E00E4C881DD29002005AE808 /* YodaSpeakNov8th2016 */;
			targetProxy = E00E4CF21DD53FCB005AE808 /* PBXContainerItemProxy */;
		};
		E00E4D011DD53FF4005AE808 /* PBXTargetDependency */ = {
			isa = PBXTargetDependency;
			target = E00E4C881DD29002005AE808 /* YodaSpeakNov8th2016 */;
			targetProxy = E00E4D001DD53FF4005AE808 /* PBXContainerItemProxy */;
		};
/* End PBXTargetDependency section */

/* Begin PBXVariantGroup section */
		E00E4C951DD29002005AE808 /* Main.storyboard */ = {
			isa = PBXVariantGroup;
			children = (
				E00E4C961DD29002005AE808 /* Base */,
			);
			name = Main.storyboard;
			sourceTree = "<group>";
		};
		E00E4C9A1DD29002005AE808 /* LaunchScreen.storyboard */ = {
			isa = PBXVariantGroup;
			children = (
				E00E4C9B1DD29002005AE808 /* Base */,
			);
			name = LaunchScreen.storyboard;
			sourceTree = "<group>";
		};
/* End PBXVariantGroup section */

/* Begin XCBuildConfiguration section */
		E00E4CB41DD29002005AE808 /* Debug */ = {
			isa = XCBuildConfiguration;
			buildSettings = {
				ALWAYS_SEARCH_USER_PATHS = NO;
				CLANG_ANALYZER_NONNULL = YES;
				CLANG_CXX_LANGUAGE_STANDARD = "gnu++0x";
				CLANG_CXX_LIBRARY = "libc++";
				CLANG_ENABLE_MODULES = YES;
				CLANG_ENABLE_OBJC_ARC = YES;
				CLANG_WARN_BOOL_CONVERSION = YES;
				CLANG_WARN_CONSTANT_CONVERSION = YES;
				CLANG_WARN_DIRECT_OBJC_ISA_USAGE = YES_ERROR;
				CLANG_WARN_DOCUMENTATION_COMMENTS = YES;
				CLANG_WARN_EMPTY_BODY = YES;
				CLANG_WARN_ENUM_CONVERSION = YES;
				CLANG_WARN_INFINITE_RECURSION = YES;
				CLANG_WARN_INT_CONVERSION = YES;
				CLANG_WARN_OBJC_ROOT_CLASS = YES_ERROR;
				CLANG_WARN_SUSPICIOUS_MOVE = YES;
				CLANG_WARN_SUSPICIOUS_MOVES = YES;
				CLANG_WARN_UNREACHABLE_CODE = YES;
				CLANG_WARN__DUPLICATE_METHOD_MATCH = YES;
				"CODE_SIGN_IDENTITY[sdk=iphoneos*]" = "iPhone Developer";
				COPY_PHASE_STRIP = NO;
				DEBUG_INFORMATION_FORMAT = dwarf;
				ENABLE_STRICT_OBJC_MSGSEND = YES;
				ENABLE_TESTABILITY = YES;
				GCC_C_LANGUAGE_STANDARD = gnu99;
				GCC_DYNAMIC_NO_PIC = NO;
				GCC_NO_COMMON_BLOCKS = YES;
				GCC_OPTIMIZATION_LEVEL = 0;
				GCC_PREPROCESSOR_DEFINITIONS = (
					"DEBUG=1",
					"$(inherited)",
				);
				GCC_WARN_64_TO_32_BIT_CONVERSION = YES;
				GCC_WARN_ABOUT_RETURN_TYPE = YES_ERROR;
				GCC_WARN_UNDECLARED_SELECTOR = YES;
				GCC_WARN_UNINITIALIZED_AUTOS = YES_AGGRESSIVE;
				GCC_WARN_UNUSED_FUNCTION = YES;
				GCC_WARN_UNUSED_VARIABLE = YES;
				IPHONEOS_DEPLOYMENT_TARGET = 10.1;
				MTL_ENABLE_DEBUG_INFO = YES;
				ONLY_ACTIVE_ARCH = YES;
				SDKROOT = iphoneos;
				TARGETED_DEVICE_FAMILY = "1,2";
			};
			name = Debug;
		};
		E00E4CB51DD29002005AE808 /* Release */ = {
			isa = XCBuildConfiguration;
			buildSettings = {
				ALWAYS_SEARCH_USER_PATHS = NO;
				CLANG_ANALYZER_NONNULL = YES;
				CLANG_CXX_LANGUAGE_STANDARD = "gnu++0x";
				CLANG_CXX_LIBRARY = "libc++";
				CLANG_ENABLE_MODULES = YES;
				CLANG_ENABLE_OBJC_ARC = YES;
				CLANG_WARN_BOOL_CONVERSION = YES;
				CLANG_WARN_CONSTANT_CONVERSION = YES;
				CLANG_WARN_DIRECT_OBJC_ISA_USAGE = YES_ERROR;
				CLANG_WARN_DOCUMENTATION_COMMENTS = YES;
				CLANG_WARN_EMPTY_BODY = YES;
				CLANG_WARN_ENUM_CONVERSION = YES;
				CLANG_WARN_INFINITE_RECURSION = YES;
				CLANG_WARN_INT_CONVERSION = YES;
				CLANG_WARN_OBJC_ROOT_CLASS = YES_ERROR;
				CLANG_WARN_SUSPICIOUS_MOVE = YES;
				CLANG_WARN_SUSPICIOUS_MOVES = YES;
				CLANG_WARN_UNREACHABLE_CODE = YES;
				CLANG_WARN__DUPLICATE_METHOD_MATCH = YES;
				"CODE_SIGN_IDENTITY[sdk=iphoneos*]" = "iPhone Developer";
				COPY_PHASE_STRIP = NO;
				DEBUG_INFORMATION_FORMAT = "dwarf-with-dsym";
				ENABLE_NS_ASSERTIONS = NO;
				ENABLE_STRICT_OBJC_MSGSEND = YES;
				GCC_C_LANGUAGE_STANDARD = gnu99;
				GCC_NO_COMMON_BLOCKS = YES;
				GCC_WARN_64_TO_32_BIT_CONVERSION = YES;
				GCC_WARN_ABOUT_RETURN_TYPE = YES_ERROR;
				GCC_WARN_UNDECLARED_SELECTOR = YES;
				GCC_WARN_UNINITIALIZED_AUTOS = YES_AGGRESSIVE;
				GCC_WARN_UNUSED_FUNCTION = YES;
				GCC_WARN_UNUSED_VARIABLE = YES;
				IPHONEOS_DEPLOYMENT_TARGET = 10.1;
				MTL_ENABLE_DEBUG_INFO = NO;
				SDKROOT = iphoneos;
				TARGETED_DEVICE_FAMILY = "1,2";
				VALIDATE_PRODUCT = YES;
			};
			name = Release;
		};
		E00E4CB71DD29002005AE808 /* Debug */ = {
			isa = XCBuildConfiguration;
			baseConfigurationReference = 841F05E7A4BD6A7398452D9D /* Pods-YodaSpeakNov8th2016.debug.xcconfig */;
			buildSettings = {
				ASSETCATALOG_COMPILER_APPICON_NAME = AppIcon;
				CLANG_ANALYZER_NONNULL = YES_NONAGGRESSIVE;
				CLANG_WARN_DOCUMENTATION_COMMENTS = NO;
				"CODE_SIGN_IDENTITY[sdk=iphoneos*]" = "iPhone Developer";
				DEBUG_INFORMATION_FORMAT = "dwarf-with-dsym";
				DEVELOPMENT_TEAM = P9B3733Z2X;
				GCC_PRECOMPILE_PREFIX_HEADER = YES;
				GCC_PREFIX_HEADER = "";
				GCC_SYMBOLS_PRIVATE_EXTERN = NO;
				INFOPLIST_FILE = YodaSpeakNov8th2016/Info.plist;
				LIBRARY_SEARCH_PATHS = (
					"$(inherited)",
					"\"$PODS_CONFIGURATION_BUILD_DIR/AFNetworking\"",
				);
				ONLY_ACTIVE_ARCH = YES;
				OTHER_LDFLAGS = (
					"$(inherited)",
					"-ObjC",
					"-l\"AFNetworking\"",
					"-framework",
					"\"CoreGraphics\"",
					"-framework",
					MobileCoreServices,
					"-framework",
					"\"Security\"",
					"-framework",
					"\"SystemConfiguration\"",
				);
				PRODUCT_BUNDLE_IDENTIFIER = monigarr.YodaSpeakNov8th2016;
				PRODUCT_NAME = "$(TARGET_NAME)";
				TARGETED_DEVICE_FAMILY = "1,2";
			};
			name = Debug;
		};
		E00E4CB81DD29002005AE808 /* Release */ = {
			isa = XCBuildConfiguration;
			baseConfigurationReference = B78119B8BA33D9B1CD40A132 /* Pods-YodaSpeakNov8th2016.release.xcconfig */;
			buildSettings = {
				ASSETCATALOG_COMPILER_APPICON_NAME = AppIcon;
				CLANG_ANALYZER_NONNULL = YES_NONAGGRESSIVE;
				CLANG_WARN_DOCUMENTATION_COMMENTS = NO;
				"CODE_SIGN_IDENTITY[sdk=iphoneos*]" = "iPhone Developer";
				COPY_PHASE_STRIP = YES;
				DEBUG_INFORMATION_FORMAT = "dwarf-with-dsym";
				DEVELOPMENT_TEAM = P9B3733Z2X;
				GCC_PRECOMPILE_PREFIX_HEADER = YES;
				INFOPLIST_FILE = YodaSpeakNov8th2016/Info.plist;
				LIBRARY_SEARCH_PATHS = (
					"$(inherited)",
					"\"$PODS_CONFIGURATION_BUILD_DIR/AFNetworking\"",
				);
				ONLY_ACTIVE_ARCH = NO;
				OTHER_LDFLAGS = (
					"$(inherited)",
					"-ObjC",
					"-l\"AFNetworking\"",
					"-framework",
					"\"CoreGraphics\"",
					"-framework",
					MobileCoreServices,
					"-framework",
					"\"Security\"",
					"-framework",
					"\"SystemConfiguration\"",
				);
				PRODUCT_BUNDLE_IDENTIFIER = monigarr.YodaSpeakNov8th2016;
				PRODUCT_NAME = "$(TARGET_NAME)";
				TARGETED_DEVICE_FAMILY = "1,2";
			};
			name = Release;
		};
		E00E4CBA1DD29002005AE808 /* Debug */ = {
			isa = XCBuildConfiguration;
			baseConfigurationReference = 2E600E09F553B81718E29FC2 /* Pods-YodaSpeakNov8th2016Tests.debug.xcconfig */;
			buildSettings = {
				BUNDLE_LOADER = "$(TEST_HOST)";
				DEVELOPMENT_TEAM = P9B3733Z2X;
				HEADER_SEARCH_PATHS = (
					"$(inherited)",
					"\"${PODS_ROOT}/Headers/Public\"",
					"\"${PODS_ROOT}/Headers/Public/AFNetworking\"",
					"$(PROJECT_DIR)/usr/include",
				);
				INFOPLIST_FILE = YodaSpeakNov8th2016Tests/Info.plist;
				LD_RUNPATH_SEARCH_PATHS = "$(inherited) @executable_path/Frameworks @loader_path/Frameworks";
				OTHER_LDFLAGS = (
					"$(inherited)",
					"-framework",
					XCTest,
					"-ObjC",
				);
				PRODUCT_BUNDLE_IDENTIFIER = monigarr.YodaSpeakNov8th2016Tests;
				PRODUCT_NAME = "$(TARGET_NAME)";
				TEST_HOST = "$(BUILT_PRODUCTS_DIR)/YodaSpeakNov8th2016.app/YodaSpeakNov8th2016";
			};
			name = Debug;
		};
		E00E4CBB1DD29002005AE808 /* Release */ = {
			isa = XCBuildConfiguration;
			baseConfigurationReference = 7C38DD6BD8D235079DD574C3 /* Pods-YodaSpeakNov8th2016Tests.release.xcconfig */;
			buildSettings = {
				BUNDLE_LOADER = "$(TEST_HOST)";
				DEVELOPMENT_TEAM = P9B3733Z2X;
				HEADER_SEARCH_PATHS = (
					"$(inherited)",
					"\"${PODS_ROOT}/Headers/Public\"",
					"\"${PODS_ROOT}/Headers/Public/AFNetworking\"",
					"$(PROJECT_DIR)/usr/include",
				);
				INFOPLIST_FILE = YodaSpeakNov8th2016Tests/Info.plist;
				LD_RUNPATH_SEARCH_PATHS = "$(inherited) @executable_path/Frameworks @loader_path/Frameworks";
				OTHER_LDFLAGS = (
					"$(inherited)",
					"-framework",
					XCTest,
					"-ObjC",
				);
				PRODUCT_BUNDLE_IDENTIFIER = monigarr.YodaSpeakNov8th2016Tests;
				PRODUCT_NAME = "$(TARGET_NAME)";
				TEST_HOST = "$(BUILT_PRODUCTS_DIR)/YodaSpeakNov8th2016.app/YodaSpeakNov8th2016";
			};
			name = Release;
		};
		E00E4CBD1DD29002005AE808 /* Debug */ = {
			isa = XCBuildConfiguration;
			baseConfigurationReference = CC1C46E6AB2FEE02455E6554 /* Pods-YodaSpeakNov8th2016UITests.debug.xcconfig */;
			buildSettings = {
				DEVELOPMENT_TEAM = P9B3733Z2X;
				HEADER_SEARCH_PATHS = (
					"$(inherited)",
					"\"${PODS_ROOT}/Headers/Public\"",
					"\"${PODS_ROOT}/Headers/Public/AFNetworking\"",
					"$(PROJECT_DIR)/usr/include",
				);
				INFOPLIST_FILE = YodaSpeakNov8th2016UITests/Info.plist;
				LD_RUNPATH_SEARCH_PATHS = "$(inherited) @executable_path/Frameworks @loader_path/Frameworks";
				OTHER_LDFLAGS = (
					"$(inherited)",
					"-framework",
					XCTest,
					"-ObjC",
				);
				PRODUCT_BUNDLE_IDENTIFIER = monigarr.YodaSpeakNov8th2016UITests;
				PRODUCT_NAME = "$(TARGET_NAME)";
				TEST_TARGET_NAME = YodaSpeakNov8th2016;
			};
			name = Debug;
		};
		E00E4CBE1DD29002005AE808 /* Release */ = {
			isa = XCBuildConfiguration;
			baseConfigurationReference = 8A2D07B690156148D29A708F /* Pods-YodaSpeakNov8th2016UITests.release.xcconfig */;
			buildSettings = {
				DEVELOPMENT_TEAM = P9B3733Z2X;
				HEADER_SEARCH_PATHS = (
					"$(inherited)",
					"\"${PODS_ROOT}/Headers/Public\"",
					"\"${PODS_ROOT}/Headers/Public/AFNetworking\"",
					"$(PROJECT_DIR)/usr/include",
				);
				INFOPLIST_FILE = YodaSpeakNov8th2016UITests/Info.plist;
				LD_RUNPATH_SEARCH_PATHS = "$(inherited) @executable_path/Frameworks @loader_path/Frameworks";
				OTHER_LDFLAGS = (
					"$(inherited)",
					"-framework",
					XCTest,
					"-ObjC",
				);
				PRODUCT_BUNDLE_IDENTIFIER = monigarr.YodaSpeakNov8th2016UITests;
				PRODUCT_NAME = "$(TARGET_NAME)";
				TEST_TARGET_NAME = YodaSpeakNov8th2016;
			};
			name = Release;
		};
		E00E4CF51DD53FCB005AE808 /* Debug */ = {
			isa = XCBuildConfiguration;
			buildSettings = {
				DEVELOPMENT_TEAM = P9B3733Z2X;
				INFOPLIST_FILE = UITests/Info.plist;
				LD_RUNPATH_SEARCH_PATHS = "$(inherited) @executable_path/Frameworks @loader_path/Frameworks";
				PRODUCT_BUNDLE_IDENTIFIER = monigarr.UITests;
				PRODUCT_NAME = "$(TARGET_NAME)";
				TEST_TARGET_NAME = YodaSpeakNov8th2016;
			};
			name = Debug;
		};
		E00E4CF61DD53FCB005AE808 /* Release */ = {
			isa = XCBuildConfiguration;
			buildSettings = {
				DEVELOPMENT_TEAM = P9B3733Z2X;
				INFOPLIST_FILE = UITests/Info.plist;
				LD_RUNPATH_SEARCH_PATHS = "$(inherited) @executable_path/Frameworks @loader_path/Frameworks";
				PRODUCT_BUNDLE_IDENTIFIER = monigarr.UITests;
				PRODUCT_NAME = "$(TARGET_NAME)";
				TEST_TARGET_NAME = YodaSpeakNov8th2016;
			};
			name = Release;
		};
		E00E4D031DD53FF4005AE808 /* Debug */ = {
			isa = XCBuildConfiguration;
			buildSettings = {
				BUNDLE_LOADER = "$(TEST_HOST)";
				DEVELOPMENT_TEAM = P9B3733Z2X;
				INFOPLIST_FILE = UnitTests/Info.plist;
				LD_RUNPATH_SEARCH_PATHS = "$(inherited) @executable_path/Frameworks @loader_path/Frameworks";
				PRODUCT_BUNDLE_IDENTIFIER = monigarr.UnitTests;
				PRODUCT_NAME = "$(TARGET_NAME)";
				TEST_HOST = "$(BUILT_PRODUCTS_DIR)/YodaSpeakNov8th2016.app/YodaSpeakNov8th2016";
			};
			name = Debug;
		};
		E00E4D041DD53FF4005AE808 /* Release */ = {
			isa = XCBuildConfiguration;
			buildSettings = {
				BUNDLE_LOADER = "$(TEST_HOST)";
				DEVELOPMENT_TEAM = P9B3733Z2X;
				INFOPLIST_FILE = UnitTests/Info.plist;
				LD_RUNPATH_SEARCH_PATHS = "$(inherited) @executable_path/Frameworks @loader_path/Frameworks";
				PRODUCT_BUNDLE_IDENTIFIER = monigarr.UnitTests;
				PRODUCT_NAME = "$(TARGET_NAME)";
				TEST_HOST = "$(BUILT_PRODUCTS_DIR)/YodaSpeakNov8th2016.app/YodaSpeakNov8th2016";
			};
			name = Release;
		};
/* End XCBuildConfiguration section */

/* Begin XCConfigurationList section */
		E00E4C841DD29002005AE808 /* Build configuration list for PBXProject "YodaSpeakNov8th2016" */ = {
			isa = XCConfigurationList;
			buildConfigurations = (
				E00E4CB41DD29002005AE808 /* Debug */,
				E00E4CB51DD29002005AE808 /* Release */,
			);
			defaultConfigurationIsVisible = 0;
			defaultConfigurationName = Release;
		};
		E00E4CB61DD29002005AE808 /* Build configuration list for PBXNativeTarget "YodaSpeakNov8th2016" */ = {
			isa = XCConfigurationList;
			buildConfigurations = (
				E00E4CB71DD29002005AE808 /* Debug */,
				E00E4CB81DD29002005AE808 /* Release */,
			);
			defaultConfigurationIsVisible = 0;
			defaultConfigurationName = Release;
		};
		E00E4CB91DD29002005AE808 /* Build configuration list for PBXNativeTarget "YodaSpeakNov8th2016Tests" */ = {
			isa = XCConfigurationList;
			buildConfigurations = (
				E00E4CBA1DD29002005AE808 /* Debug */,
				E00E4CBB1DD29002005AE808 /* Release */,
			);
			defaultConfigurationIsVisible = 0;
			defaultConfigurationName = Release;
		};
		E00E4CBC1DD29002005AE808 /* Build configuration list for PBXNativeTarget "YodaSpeakNov8th2016UITests" */ = {
			isa = XCConfigurationList;
			buildConfigurations = (
				E00E4CBD1DD29002005AE808 /* Debug */,
				E00E4CBE1DD29002005AE808 /* Release */,
			);
			defaultConfigurationIsVisible = 0;
			defaultConfigurationName = Release;
		};
		E00E4CF41DD53FCB005AE808 /* Build configuration list for PBXNativeTarget "UITests" */ = {
			isa = XCConfigurationList;
			buildConfigurations = (
				E00E4CF51DD53FCB005AE808 /* Debug */,
				E00E4CF61DD53FCB005AE808 /* Release */,
			);
			defaultConfigurationIsVisible = 0;
			defaultConfigurationName = Release;
		};
		E00E4D021DD53FF4005AE808 /* Build configuration list for PBXNativeTarget "UnitTests" */ = {
			isa = XCConfigurationList;
			buildConfigurations = (
				E00E4D031DD53FF4005AE808 /* Debug */,
				E00E4D041DD53FF4005AE808 /* Release */,
			);
			defaultConfigurationIsVisible = 0;
			defaultConfigurationName = Release;
		};
/* End XCConfigurationList section */
	};
	rootObject = E00E4C811DD29002005AE808 /* Project object */;
}
